
Microsoft Visual Studio Solution File, Format Version 12.00
# Visual Studio 15
VisualStudioVersion = 15.0.28010.2036
MinimumVisualStudioVersion = 10.0.40219.1
Project("{9A19103F-16F7-4668-BE54-9A1E7A4F7556}") = "Ecommerce.Web", "Ecommerce.Web\Ecommerce.Web.csproj", "{D94CC5F9-9BDA-4E31-99B1-64118F31C37E}"
EndProject
Project("{9A19103F-16F7-4668-BE54-9A1E7A4F7556}") = "Ecommerce.BLL", "Ecommerce.BLL\Ecommerce.BLL.csproj", "{3B51B3CC-AD4E-4970-A390-5D764A01BB06}"
EndProject
Project("{9A19103F-16F7-4668-BE54-9A1E7A4F7556}") = "Ecommerce.BLL.Abstractions", "Ecommerce.BLL.Abstractions\Ecommerce.BLL.Abstractions.csproj", "{A132E0C8-E2D7-4B79-8983-DD3FF6A0C6F2}"
EndProject
Project("{9A19103F-16F7-4668-BE54-9A1E7A4F7556}") = "Ecommerce.Repositories", "Ecommerce.Repositories\Ecommerce.Repositories.csproj", "{6F1200AD-E183-44C7-92A1-85CF0DD43B46}"
EndProject
Project("{9A19103F-16F7-4668-BE54-9A1E7A4F7556}") = "Ecommerce.Repositories.Abstractions", "Ecommerce.Repositories.Abstractions\Ecommerce.Repositories.Abstractions.csproj", "{4C731450-242F-4280-A992-E4E0131A205E}"
EndProject
Project("{9A19103F-16F7-4668-BE54-9A1E7A4F7556}") = "Ecommerce.Models", "Ecommerce.Models\Ecommerce.Models.csproj", "{5B578A6D-6166-4E06-95FF-62BA467F58BF}"
EndProject
Project("{9A19103F-16F7-4668-BE54-9A1E7A4F7556}") = "Ecommerce.DatabaseContext", "Ecommerce.DatabaseContext\Ecommerce.DatabaseContext.csproj", "{0E5BCFE5-D8BE-46C8-9B9D-3043CF696FF0}"
EndProject
Project("{9A19103F-16F7-4668-BE54-9A1E7A4F7556}") = "Ecommerce.IoCContainer", "Ecommerce.IoCContainer\Ecommerce.IoCContainer.csproj", "{12A68398-716D-46E4-9620-129CB40DA8E7}"
EndProject
Project("{9A19103F-16F7-4668-BE54-9A1E7A4F7556}") = "Ecommerce.Auth", "Ecommerce.Auth\Ecommerce.Auth.csproj", "{B0259B29-CAEA-42B7-86CC-C47E9A9C26F4}"
EndProject
Project("{FAE04EC0-301F-11D3-BF4B-00C04F79EFBC}") = "Ecommerce.API", "Ecommerce.API\Ecommerce.API.csproj", "{84FCC029-C009-4567-8E22-7BE7E15B3564}"
EndProject
Global
	GlobalSection(SolutionConfigurationPlatforms) = preSolution
		Debug|Any CPU = Debug|Any CPU
		Release|Any CPU = Release|Any CPU
	EndGlobalSection
	GlobalSection(ProjectConfigurationPlatforms) = postSolution
		{D94CC5F9-9BDA-4E31-99B1-64118F31C37E}.Debug|Any CPU.ActiveCfg = Debug|Any CPU
		{D94CC5F9-9BDA-4E31-99B1-64118F31C37E}.Debug|Any CPU.Build.0 = Debug|Any CPU
		{D94CC5F9-9BDA-4E31-99B1-64118F31C37E}.Release|Any CPU.ActiveCfg = Release|Any CPU
		{D94CC5F9-9BDA-4E31-99B1-64118F31C37E}.Release|Any CPU.Build.0 = Release|Any CPU
		{3B51B3CC-AD4E-4970-A390-5D764A01BB06}.Debug|Any CPU.ActiveCfg = Debug|Any CPU
		{3B51B3CC-AD4E-4970-A390-5D764A01BB06}.Debug|Any CPU.Build.0 = Debug|Any CPU
		{3B51B3CC-AD4E-4970-A390-5D764A01BB06}.Release|Any CPU.ActiveCfg = Release|Any CPU
		{3B51B3CC-AD4E-4970-A390-5D764A01BB06}.Release|Any CPU.Build.0 = Release|Any CPU
		{A132E0C8-E2D7-4B79-8983-DD3FF6A0C6F2}.Debug|Any CPU.ActiveCfg = Debug|Any CPU
		{A132E0C8-E2D7-4B79-8983-DD3FF6A0C6F2}.Debug|Any CPU.Build.0 = Debug|Any CPU
		{A132E0C8-E2D7-4B79-8983-DD3FF6A0C6F2}.Release|Any CPU.ActiveCfg = Release|Any CPU
		{A132E0C8-E2D7-4B79-8983-DD3FF6A0C6F2}.Release|Any CPU.Build.0 = Release|Any CPU
		{6F1200AD-E183-44C7-92A1-85CF0DD43B46}.Debug|Any CPU.ActiveCfg = Debug|Any CPU
		{6F1200AD-E183-44C7-92A1-85CF0DD43B46}.Debug|Any CPU.Build.0 = Debug|Any CPU
		{6F1200AD-E183-44C7-92A1-85CF0DD43B46}.Release|Any CPU.ActiveCfg = Release|Any CPU
		{6F1200AD-E183-44C7-92A1-85CF0DD43B46}.Release|Any CPU.Build.0 = Release|Any CPU
		{4C731450-242F-4280-A992-E4E0131A205E}.Debug|Any CPU.ActiveCfg = Debug|Any CPU
		{4C731450-242F-4280-A992-E4E0131A205E}.Debug|Any CPU.Build.0 = Debug|Any CPU
		{4C731450-242F-4280-A992-E4E0131A205E}.Release|Any CPU.ActiveCfg = Release|Any CPU
		{4C731450-242F-4280-A992-E4E0131A205E}.Release|Any CPU.Build.0 = Release|Any CPU
		{5B578A6D-6166-4E06-95FF-62BA467F58BF}.Debug|Any CPU.ActiveCfg = Debug|Any CPU
		{5B578A6D-6166-4E06-95FF-62BA467F58BF}.Debug|Any CPU.Build.0 = Debug|Any CPU
		{5B578A6D-6166-4E06-95FF-62BA467F58BF}.Release|Any CPU.ActiveCfg = Release|Any CPU
		{5B578A6D-6166-4E06-95FF-62BA467F58BF}.Release|Any CPU.Build.0 = Release|Any CPU
		{0E5BCFE5-D8BE-46C8-9B9D-3043CF696FF0}.Debug|Any CPU.ActiveCfg = Debug|Any CPU
		{0E5BCFE5-D8BE-46C8-9B9D-3043CF696FF0}.Debug|Any CPU.Build.0 = Debug|Any CPU
		{0E5BCFE5-D8BE-46C8-9B9D-3043CF696FF0}.Release|Any CPU.ActiveCfg = Release|Any CPU
		{0E5BCFE5-D8BE-46C8-9B9D-3043CF696FF0}.Release|Any CPU.Build.0 = Release|Any CPU
		{12A68398-716D-46E4-9620-129CB40DA8E7}.Debug|Any CPU.ActiveCfg = Debug|Any CPU
		{12A68398-716D-46E4-9620-129CB40DA8E7}.Debug|Any CPU.Build.0 = Debug|Any CPU
		{12A68398-716D-46E4-9620-129CB40DA8E7}.Release|Any CPU.ActiveCfg = Release|Any CPU
		{12A68398-716D-46E4-9620-129CB40DA8E7}.Release|Any CPU.Build.0 = Release|Any CPU
		{B0259B29-CAEA-42B7-86CC-C47E9A9C26F4}.Debug|Any CPU.ActiveCfg = Debug|Any CPU
		{B0259B29-CAEA-42B7-86CC-C47E9A9C26F4}.Debug|Any CPU.Build.0 = Debug|Any CPU
		{B0259B29-CAEA-42B7-86CC-C47E9A9C26F4}.Release|Any CPU.ActiveCfg = Release|Any CPU
		{B0259B29-CAEA-42B7-86CC-C47E9A9C26F4}.Release|Any CPU.Build.0 = Release|Any CPU
		{84FCC029-C009-4567-8E22-7BE7E15B3564}.Debug|Any CPU.ActiveCfg = Debug|Any CPU
		{84FCC029-C009-4567-8E22-7BE7E15B3564}.Debug|Any CPU.Build.0 = Debug|Any CPU
		{84FCC029-C009-4567-8E22-7BE7E15B3564}.Release|Any CPU.ActiveCfg = Release|Any CPU
		{84FCC029-C009-4567-8E22-7BE7E15B3564}.Release|Any CPU.Build.0 = Release|Any CPU
	EndGlobalSection
	GlobalSection(SolutionProperties) = preSolution
		HideSolutionNode = FALSE
	EndGlobalSection
	GlobalSection(ExtensibilityGlobals) = postSolution
		SolutionGuid = {C1413527-3C1B-4FA9-A4F2-0CCBE9D1409D}
	EndGlobalSection
EndGlobal
